// !$*UTF8*$!
{
	archiveVersion = 1;
	classes = {
	};
	objectVersion = 48;
	objects = {

/* Begin PBXBuildFile section */
		FD5F20BF2068C0AD0086722D /* AppDelegate.swift in Sources */ = {isa = PBXBuildFile; fileRef = FD5F20BE2068C0AD0086722D /* AppDelegate.swift */; };
		FD5F20C12068C0AD0086722D /* ViewController.swift in Sources */ = {isa = PBXBuildFile; fileRef = FD5F20C02068C0AD0086722D /* ViewController.swift */; };
		FD5F20C42068C0AD0086722D /* Main.storyboard in Resources */ = {isa = PBXBuildFile; fileRef = FD5F20C22068C0AD0086722D /* Main.storyboard */; };
		FD5F20C62068C0AD0086722D /* Assets.xcassets in Resources */ = {isa = PBXBuildFile; fileRef = FD5F20C52068C0AD0086722D /* Assets.xcassets */; };
		FD5F20C92068C0AD0086722D /* LaunchScreen.storyboard in Resources */ = {isa = PBXBuildFile; fileRef = FD5F20C72068C0AD0086722D /* LaunchScreen.storyboard */; };
		FD64DAFD2070B6CA00813846 /* reader.js in Resources */ = {isa = PBXBuildFile; fileRef = FD64DAFA2070B6CA00813846 /* reader.js */; };
		FD64DB032070B7AB00813846 /* index2.html in Resources */ = {isa = PBXBuildFile; fileRef = FD64DB002070B7AB00813846 /* index2.html */; };
/* End PBXBuildFile section */

/* Begin PBXFileReference section */
		FD5F20BB2068C0AD0086722D /* ReadModeDemo.app */ = {isa = PBXFileReference; explicitFileType = wrapper.application; includeInIndex = 0; path = ReadModeDemo.app; sourceTree = BUILT_PRODUCTS_DIR; };
		FD5F20BE2068C0AD0086722D /* AppDelegate.swift */ = {isa = PBXFileReference; lastKnownFileType = sourcecode.swift; path = AppDelegate.swift; sourceTree = "<group>"; };
		FD5F20C02068C0AD0086722D /* ViewController.swift */ = {isa = PBXFileReference; lastKnownFileType = sourcecode.swift; path = ViewController.swift; sourceTree = "<group>"; };
		FD5F20C32068C0AD0086722D /* Base */ = {isa = PBXFileReference; lastKnownFileType = file.storyboard; name = Base; path = Base.lproj/Main.storyboard; sourceTree = "<group>"; };
		FD5F20C52068C0AD0086722D /* Assets.xcassets */ = {isa = PBXFileReference; lastKnownFileType = folder.assetcatalog; path = Assets.xcassets; sourceTree = "<group>"; };
		FD5F20C82068C0AD0086722D /* Base */ = {isa = PBXFileReference; lastKnownFileType = file.storyboard; name = Base; path = Base.lproj/LaunchScreen.storyboard; sourceTree = "<group>"; };
		FD5F20CA2068C0AD0086722D /* Info.plist */ = {isa = PBXFileReference; lastKnownFileType = text.plist.xml; path = Info.plist; sourceTree = "<group>"; };
		FD64DAFA2070B6CA00813846 /* reader.js */ = {isa = PBXFileReference; fileEncoding = 4; lastKnownFileType = sourcecode.javascript; path = reader.js; sourceTree = "<group>"; };
		FD64DB002070B7AB00813846 /* index2.html */ = {isa = PBXFileReference; fileEncoding = 4; lastKnownFileType = text.html; path = index2.html; sourceTree = "<group>"; };
/* End PBXFileReference section */

/* Begin PBXFrameworksBuildPhase section */
		FD5F20B82068C0AD0086722D /* Frameworks */ = {
			isa = PBXFrameworksBuildPhase;
			buildActionMask = 2147483647;
			files = (
			);
			runOnlyForDeploymentPostprocessing = 0;
		};
/* End PBXFrameworksBuildPhase section */

/* Begin PBXGroup section */
		FD5F20B22068C0AD0086722D = {
			isa = PBXGroup;
			children = (
				FD5F20BD2068C0AD0086722D /* ReadModeDemo */,
				FD5F20BC2068C0AD0086722D /* Products */,
			);
			sourceTree = "<group>";
		};
		FD5F20BC2068C0AD0086722D /* Products */ = {
			isa = PBXGroup;
			children = (
				FD5F20BB2068C0AD0086722D /* ReadModeDemo.app */,
			);
			name = Products;
			sourceTree = "<group>";
		};
		FD5F20BD2068C0AD0086722D /* ReadModeDemo */ = {
			isa = PBXGroup;
			children = (
				FD5F20D12068C2010086722D /* js.bundle */,
				FD5F20BE2068C0AD0086722D /* AppDelegate.swift */,
				FD5F20C02068C0AD0086722D /* ViewController.swift */,
				FD5F20C22068C0AD0086722D /* Main.storyboard */,
				FD5F20C52068C0AD0086722D /* Assets.xcassets */,
				FD5F20C72068C0AD0086722D /* LaunchScreen.storyboard */,
				FD5F20CA2068C0AD0086722D /* Info.plist */,
			);
			path = ReadModeDemo;
			sourceTree = "<group>";
		};
		FD5F20D12068C2010086722D /* js.bundle */ = {
			isa = PBXGroup;
			children = (
				FD64DB002070B7AB00813846 /* index2.html */,
				FD64DAFA2070B6CA00813846 /* reader.js */,
			);
			path = js.bundle;
			sourceTree = "<group>";
		};
/* End PBXGroup section */

/* Begin PBXNativeTarget section */
		FD5F20BA2068C0AD0086722D /* ReadModeDemo */ = {
			isa = PBXNativeTarget;
			buildConfigurationList = FD5F20CD2068C0AD0086722D /* Build configuration list for PBXNativeTarget "ReadModeDemo" */;
			buildPhases = (
				FD5F20B72068C0AD0086722D /* Sources */,
				FD5F20B82068C0AD0086722D /* Frameworks */,
				FD5F20B92068C0AD0086722D /* Resources */,
			);
			buildRules = (
			);
			dependencies = (
			);
			name = ReadModeDemo;
			productName = SafariReadModeDemo;
			productReference = FD5F20BB2068C0AD0086722D /* ReadModeDemo.app */;
			productType = "com.apple.product-type.application";
		};
/* End PBXNativeTarget section */

/* Begin PBXProject section */
		FD5F20B32068C0AD0086722D /* Project object */ = {
			isa = PBXProject;
			attributes = {
				LastSwiftUpdateCheck = 0920;
				LastUpgradeCheck = 0920;
				ORGANIZATIONNAME = "Sun,Shuyao";
				TargetAttributes = {
					FD5F20BA2068C0AD0086722D = {
						CreatedOnToolsVersion = 9.2;
						ProvisioningStyle = Automatic;
					};
				};
			};
			buildConfigurationList = FD5F20B62068C0AD0086722D /* Build configuration list for PBXProject "ReadModeDemo" */;
			compatibilityVersion = "Xcode 8.0";
			developmentRegion = en;
			hasScannedForEncodings = 0;
			knownRegions = (
				en,
				Base,
			);
			mainGroup = FD5F20B22068C0AD0086722D;
			productRefGroup = FD5F20BC2068C0AD0086722D /* Products */;
			projectDirPath = "";
			projectRoot = "";
			targets = (
				FD5F20BA2068C0AD0086722D /* ReadModeDemo */,
			);
		};
/* End PBXProject section */

/* Begin PBXResourcesBuildPhase section */
		FD5F20B92068C0AD0086722D /* Resources */ = {
			isa = PBXResourcesBuildPhase;
			buildActionMask = 2147483647;
			files = (
				FD64DB032070B7AB00813846 /* index2.html in Resources */,
				FD64DAFD2070B6CA00813846 /* reader.js in Resources */,
				FD5F20C92068C0AD0086722D /* LaunchScreen.storyboard in Resources */,
				FD5F20C62068C0AD0086722D /* Assets.xcassets in Resources */,
				FD5F20C42068C0AD0086722D /* Main.storyboard in Resources */,
			);
			runOnlyForDeploymentPostprocessing = 0;
		};
/* End PBXResourcesBuildPhase section */

/* Begin PBXSourcesBuildPhase section */
		FD5F20B72068C0AD0086722D /* Sources */ = {
			isa = PBXSourcesBuildPhase;
			buildActionMask = 2147483647;
			files = (
				FD5F20C12068C0AD0086722D /* ViewController.swift in Sources */,
				FD5F20BF2068C0AD0086722D /* AppDelegate.swift in Sources */,
			);
			runOnlyForDeploymentPostprocessing = 0;
		};
/* End PBXSourcesBuildPhase section */

/* Begin PBXVariantGroup section */
		FD5F20C22068C0AD0086722D /* Main.storyboard */ = {
			isa = PBXVariantGroup;
			children = (
				FD5F20C32068C0AD0086722D /* Base */,
			);
			name = Main.storyboard;
			sourceTree = "<group>";
		};
		FD5F20C72068C0AD0086722D /* LaunchScreen.storyboard */ = {
			isa = PBXVariantGroup;
			children = (
				FD5F20C82068C0AD0086722D /* Base */,
			);
			name = LaunchScreen.storyboard;
			sourceTree = "<group>";
		};
/* End PBXVariantGroup section */

/* Begin XCBuildConfiguration section */
		FD5F20CB2068C0AD0086722D /* Debug */ = {
			isa = XCBuildConfiguration;
			buildSettings = {
				ALWAYS_SEARCH_USER_PATHS = NO;
				CLANG_ANALYZER_NONNULL = YES;
				CLANG_ANALYZER_NUMBER_OBJECT_CONVERSION = YES_AGGRESSIVE;
				CLANG_CXX_LANGUAGE_STANDARD = "gnu++14";
				CLANG_CXX_LIBRARY = "libc++";
				CLANG_ENABLE_MODULES = YES;
				CLANG_ENABLE_OBJC_ARC = YES;
				CLANG_WARN_BLOCK_CAPTURE_AUTORELEASING = YES;
				CLANG_WARN_BOOL_CONVERSION = YES;
				CLANG_WARN_COMMA = YES;
				CLANG_WARN_CONSTANT_CONVERSION = YES;
				CLANG_WARN_DIRECT_OBJC_ISA_USAGE = YES_ERROR;
				CLANG_WARN_DOCUMENTATION_COMMENTS = YES;
				CLANG_WARN_EMPTY_BODY = YES;
				CLANG_WARN_ENUM_CONVERSION = YES;
				CLANG_WARN_INFINITE_RECURSION = YES;
				CLANG_WARN_INT_CONVERSION = YES;
				CLANG_WARN_NON_LITERAL_NULL_CONVERSION = YES;
				CLANG_WARN_OBJC_LITERAL_CONVERSION = YES;
				CLANG_WARN_OBJC_ROOT_CLASS = YES_ERROR;
				CLANG_WARN_RANGE_LOOP_ANALYSIS = YES;
				CLANG_WARN_STRICT_PROTOTYPES = YES;
				CLANG_WARN_SUSPICIOUS_MOVE = YES;
				CLANG_WARN_UNGUARDED_AVAILABILITY = YES_AGGRESSIVE;
				CLANG_WARN_UNREACHABLE_CODE = YES;
				CLANG_WARN__DUPLICATE_METHOD_MATCH = YES;
				CODE_SIGN_IDENTITY = "iPhone Developer";
				COPY_PHASE_STRIP = NO;
				DEBUG_INFORMATION_FORMAT = dwarf;
				ENABLE_STRICT_OBJC_MSGSEND = YES;
				ENABLE_TESTABILITY = YES;
				GCC_C_LANGUAGE_STANDARD = gnu11;
				GCC_DYNAMIC_NO_PIC = NO;
				GCC_NO_COMMON_BLOCKS = YES;
				GCC_OPTIMIZATION_LEVEL = 0;
				GCC_PREPROCESSOR_DEFINITIONS = (
					"DEBUG=1",
					"$(inherited)",
				);
				GCC_WARN_64_TO_32_BIT_CONVERSION = YES;
				GCC_WARN_ABOUT_RETURN_TYPE = YES_ERROR;
				GCC_WARN_UNDECLARED_SELECTOR = YES;
				GCC_WARN_UNINITIALIZED_AUTOS = YES_AGGRESSIVE;
				GCC_WARN_UNUSED_FUNCTION = YES;
				GCC_WARN_UNUSED_VARIABLE = YES;
				IPHONEOS_DEPLOYMENT_TARGET = 11.2;
				MTL_ENABLE_DEBUG_INFO = YES;
				ONLY_ACTIVE_ARCH = YES;
				SDKROOT = iphoneos;
				SWIFT_ACTIVE_COMPILATION_CONDITIONS = DEBUG;
				SWIFT_OPTIMIZATION_LEVEL = "-Onone";
			};
			name = Debug;
		};
		FD5F20CC2068C0AD0086722D /* Release */ = {
			isa = XCBuildConfiguration;
			buildSettings = {
				ALWAYS_SEARCH_USER_PATHS = NO;
				CLANG_ANALYZER_NONNULL = YES;
				CLANG_ANALYZER_NUMBER_OBJECT_CONVERSION = YES_AGGRESSIVE;
				CLANG_CXX_LANGUAGE_STANDARD = "gnu++14";
				CLANG_CXX_LIBRARY = "libc++";
				CLANG_ENABLE_MODULES = YES;
				CLANG_ENABLE_OBJC_ARC = YES;
				CLANG_WARN_BLOCK_CAPTURE_AUTORELEASING = YES;
				CLANG_WARN_BOOL_CONVERSION = YES;
				CLANG_WARN_COMMA = YES;
				CLANG_WARN_CONSTANT_CONVERSION = YES;
				CLANG_WARN_DIRECT_OBJC_ISA_USAGE = YES_ERROR;
				CLANG_WARN_DOCUMENTATION_COMMENTS = YES;
				CLANG_WARN_EMPTY_BODY = YES;
				CLANG_WARN_ENUM_CONVERSION = YES;
				CLANG_WARN_INFINITE_RECURSION = YES;
				CLANG_WARN_INT_CONVERSION = YES;
				CLANG_WARN_NON_LITERAL_NULL_CONVERSION = YES;
				CLANG_WARN_OBJC_LITERAL_CONVERSION = YES;
				CLANG_WARN_OBJC_ROOT_CLASS = YES_ERROR;
				CLANG_WARN_RANGE_LOOP_ANALYSIS = YES;
				CLANG_WARN_STRICT_PROTOTYPES = YES;
				CLANG_WARN_SUSPICIOUS_MOVE = YES;
				CLANG_WARN_UNGUARDED_AVAILABILITY = YES_AGGRESSIVE;
				CLANG_WARN_UNREACHABLE_CODE = YES;
				CLANG_WARN__DUPLICATE_METHOD_MATCH = YES;
				CODE_SIGN_IDENTITY = "iPhone Developer";
				COPY_PHASE_STRIP = NO;
				DEBUG_INFORMATION_FORMAT = "dwarf-with-dsym";
				ENABLE_NS_ASSERTIONS = NO;
				ENABLE_STRICT_OBJC_MSGSEND = YES;
				GCC_C_LANGUAGE_STANDARD = gnu11;
				GCC_NO_COMMON_BLOCKS = YES;
				GCC_WARN_64_TO_32_BIT_CONVERSION = YES;
				GCC_WARN_ABOUT_RETURN_TYPE = YES_ERROR;
				GCC_WARN_UNDECLARED_SELECTOR = YES;
				GCC_WARN_UNINITIALIZED_AUTOS = YES_AGGRESSIVE;
				GCC_WARN_UNUSED_FUNCTION = YES;
				GCC_WARN_UNUSED_VARIABLE = YES;
				IPHONEOS_DEPLOYMENT_TARGET = 11.2;
				MTL_ENABLE_DEBUG_INFO = NO;
				SDKROOT = iphoneos;
				SWIFT_OPTIMIZATION_LEVEL = "-Owholemodule";
				VALIDATE_PRODUCT = YES;
			};
			name = Release;
		};
		FD5F20CE2068C0AD0086722D /* Debug */ = {
			isa = XCBuildConfiguration;
			buildSettings = {
				ASSETCATALOG_COMPILER_APPICON_NAME = AppIcon;
				CODE_SIGN_STYLE = Automatic;
				DEVELOPMENT_TEAM = 2MVQVUGM76;
				INFOPLIST_FILE = "$(SRCROOT)/ReadModeDemo/Info.plist";
				IPHONEOS_DEPLOYMENT_TARGET = 10.0;
				LD_RUNPATH_SEARCH_PATHS = "$(inherited) @executable_path/Frameworks";
				PRODUCT_BUNDLE_IDENTIFIER = readmode.demo.SafariReadModeDemo;
				PRODUCT_NAME = "$(TARGET_NAME)";
				SWIFT_VERSION = 4.0;
				TARGETED_DEVICE_FAMILY = "1,2";
			};
			name = Debug;
		};
		FD5F20CF2068C0AD0086722D /* Release */ = {
			isa = XCBuildConfiguration;
			buildSettings = {
				ASSETCATALOG_COMPILER_APPICON_NAME = AppIcon;
				CODE_SIGN_STYLE = Automatic;
				DEVELOPMENT_TEAM = 2MVQVUGM76;
				INFOPLIST_FILE = "$(SRCROOT)/ReadModeDemo/Info.plist";
				IPHONEOS_DEPLOYMENT_TARGET = 10.0;
				LD_RUNPATH_SEARCH_PATHS = "$(inherited) @executable_path/Frameworks";
				PRODUCT_BUNDLE_IDENTIFIER = readmode.demo.SafariReadModeDemo;
				PRODUCT_NAME = "$(TARGET_NAME)";
				SWIFT_VERSION = 4.0;
				TARGETED_DEVICE_FAMILY = "1,2";
			};
			name = Release;
		};
/* End XCBuildConfiguration section */

/* Begin XCConfigurationList section */
		FD5F20B62068C0AD0086722D /* Build configuration list for PBXProject "ReadModeDemo" */ = {
			isa = XCConfigurationList;
			buildConfigurations = (
				FD5F20CB2068C0AD0086722D /* Debug */,
				FD5F20CC2068C0AD0086722D /* Release */,
			);
			defaultConfigurationIsVisible = 0;
			defaultConfigurationName = Release;
		};
		FD5F20CD2068C0AD0086722D /* Build configuration list for PBXNativeTarget "ReadModeDemo" */ = {
			isa = XCConfigurationList;
			buildConfigurations = (
				FD5F20CE2068C0AD0086722D /* Debug */,
				FD5F20CF2068C0AD0086722D /* Release */,
			);
			defaultConfigurationIsVisible = 0;
			defaultConfigurationName = Release;
		};
/* End XCConfigurationList section */
	};
	rootObject = FD5F20B32068C0AD0086722D /* Project object */;
}
